
Microsoft Visual Studio Solution File, Format Version 12.00
# Visual Studio Version 17
VisualStudioVersion = 17.0.32112.339
MinimumVisualStudioVersion = 10.0.40219.1
Project("{9A19103F-16F7-4668-BE54-9A1E7A4F7556}") = "DotnetBackendSkeleton", "DotnetBackendSkeleton.csproj", "{A63ED4FA-7459-470A-9F8E-E03F2E2500AC}"
EndProject
Project("{E53339B2-1760-4266-BCC7-CA923CBCF16C}") = "docker-compose", "docker-compose.dcproj", "{8A514340-D413-4F7C-A77F-48706CBBD381}"
EndProject
Project("{2150E333-8FDC-42A3-9474-1A3956D46DE8}") = "Solution Items", "Solution Items", "{47476D05-DFBA-48BC-95A6-E92C770293BF}"
	ProjectSection(SolutionItems) = preProject
		.editorconfig = .editorconfig
	EndProjectSection
EndProject
Project("{2150E333-8FDC-42A3-9474-1A3956D46DE8}") = "Tests", "Tests", "{CA0F9706-7277-4E5D-909A-0F9E481D7C7B}"
	ProjectSection(SolutionItems) = preProject
		test.runsettings = test.runsettings
	EndProjectSection
EndProject
Project("{9A19103F-16F7-4668-BE54-9A1E7A4F7556}") = "DotnetBackendSkeleton.UnitTests", "Tests\DotnetBackendSkeleton.UnitTests\DotnetBackendSkeleton.UnitTests.csproj", "{17615166-29D0-4589-B670-B17234F98941}"
EndProject
Project("{9A19103F-16F7-4668-BE54-9A1E7A4F7556}") = "DotnetBackendSkeleton.ServiceTests", "Tests\DotnetBackendSkeleton.ServiceTests\DotnetBackendSkeleton.ServiceTests.csproj", "{4C0580DC-CC89-433B-9970-4EF6634DC465}"
EndProject
Global
	GlobalSection(SolutionConfigurationPlatforms) = preSolution
		Debug|Any CPU = Debug|Any CPU
		Release|Any CPU = Release|Any CPU
	EndGlobalSection
	GlobalSection(ProjectConfigurationPlatforms) = postSolution
		{A63ED4FA-7459-470A-9F8E-E03F2E2500AC}.Debug|Any CPU.ActiveCfg = Debug|Any CPU
		{A63ED4FA-7459-470A-9F8E-E03F2E2500AC}.Debug|Any CPU.Build.0 = Debug|Any CPU
		{A63ED4FA-7459-470A-9F8E-E03F2E2500AC}.Release|Any CPU.ActiveCfg = Release|Any CPU
		{A63ED4FA-7459-470A-9F8E-E03F2E2500AC}.Release|Any CPU.Build.0 = Release|Any CPU
		{8A514340-D413-4F7C-A77F-48706CBBD381}.Debug|Any CPU.ActiveCfg = Debug|Any CPU
		{8A514340-D413-4F7C-A77F-48706CBBD381}.Debug|Any CPU.Build.0 = Debug|Any CPU
		{8A514340-D413-4F7C-A77F-48706CBBD381}.Release|Any CPU.ActiveCfg = Release|Any CPU
		{8A514340-D413-4F7C-A77F-48706CBBD381}.Release|Any CPU.Build.0 = Release|Any CPU
		{17615166-29D0-4589-B670-B17234F98941}.Debug|Any CPU.ActiveCfg = Debug|Any CPU
		{17615166-29D0-4589-B670-B17234F98941}.Debug|Any CPU.Build.0 = Debug|Any CPU
		{17615166-29D0-4589-B670-B17234F98941}.Release|Any CPU.ActiveCfg = Release|Any CPU
		{17615166-29D0-4589-B670-B17234F98941}.Release|Any CPU.Build.0 = Release|Any CPU
		{4C0580DC-CC89-433B-9970-4EF6634DC465}.Debug|Any CPU.ActiveCfg = Debug|Any CPU
		{4C0580DC-CC89-433B-9970-4EF6634DC465}.Debug|Any CPU.Build.0 = Debug|Any CPU
		{4C0580DC-CC89-433B-9970-4EF6634DC465}.Release|Any CPU.ActiveCfg = Release|Any CPU
		{4C0580DC-CC89-433B-9970-4EF6634DC465}.Release|Any CPU.Build.0 = Release|Any CPU
	EndGlobalSection
	GlobalSection(SolutionProperties) = preSolution
		HideSolutionNode = FALSE
	EndGlobalSection
	GlobalSection(NestedProjects) = preSolution
		{17615166-29D0-4589-B670-B17234F98941} = {CA0F9706-7277-4E5D-909A-0F9E481D7C7B}
		{4C0580DC-CC89-433B-9970-4EF6634DC465} = {CA0F9706-7277-4E5D-909A-0F9E481D7C7B}
	EndGlobalSection
	GlobalSection(ExtensibilityGlobals) = postSolution
		SolutionGuid = {05542049-6341-4C1A-AD17-EC09B512B00A}
	EndGlobalSection
EndGlobal
